
Microsoft Visual Studio Solution File, Format Version 12.00
# Visual Studio Version 17
VisualStudioVersion = 17.0.31314.256
MinimumVisualStudioVersion = 10.0.40219.1
Project("{2150E333-8FDC-42A3-9474-1A3956D46DE8}") = "Automation", "Automation", "{0BFBE63A-B98A-3411-8EEB-8918FEC737B3}"
EndProject
Project("{2150E333-8FDC-42A3-9474-1A3956D46DE8}") = "Engine", "Engine", "{233774A8-CC9D-3FA9-86D1-90573E92B704}"
EndProject
Project("{2150E333-8FDC-42A3-9474-1A3956D46DE8}") = "Games", "Games", "{DE1F8B53-6C02-3C13-9101-A7C8D96F3FF6}"
EndProject
Project("{2150E333-8FDC-42A3-9474-1A3956D46DE8}") = "Programs", "Programs", "{A338B9E2-A559-34BE-A46D-F789DD488FAD}"
EndProject
Project("{2150E333-8FDC-42A3-9474-1A3956D46DE8}") = "Rules", "Rules", "{C2F57ECE-B26F-39D8-BDA7-C1D40BD8F180}"
EndProject
Project("{2150E333-8FDC-42A3-9474-1A3956D46DE8}") = "Shared", "Shared", "{57713676-9DBE-331C-AD10-26632AC9EE0C}"
EndProject
Project("{2150E333-8FDC-42A3-9474-1A3956D46DE8}") = "UnrealBuildTool.Plugins", "UnrealBuildTool.Plugins", "{7B5CFB44-F0FB-31DF-AE62-C3C096A29A7B}"
EndProject
Project("{8BC9CEB8-8B4A-11D0-8D11-00A0C91BC942}") = "Arcade", "Intermediate\ProjectFiles\Arcade.vcxproj", "{88899794-E4F1-3DAD-8632-2E9833B8805A}"
	ProjectSection(ProjectDependencies) = postProject
		{1839B036-161C-3CBF-9209-7B49C8136E29} = {1839B036-161C-3CBF-9209-7B49C8136E29}
	EndProjectSection
EndProject
Project("{8BC9CEB8-8B4A-11D0-8D11-00A0C91BC942}") = "UE5", "Intermediate\ProjectFiles\UE5.vcxproj", "{6CA6EBCF-8418-360C-BB0E-81EEC3E8A788}"
EndProject
Project("{FAE04EC0-301F-11D3-BF4B-00C04F79EFBC}") = "UnrealBuildTool", "..\..\..\Program Files\Epic Games\UE_5.3\Engine\Source\Programs\UnrealBuildTool\UnrealBuildTool.csproj", "{1839B036-161C-3CBF-9209-7B49C8136E29}"
EndProject
Project("{FAE04EC0-301F-11D3-BF4B-00C04F79EFBC}") = "AutomationTool", "..\..\..\Program Files\Epic Games\UE_5.3\Engine\Source\Programs\AutomationTool\AutomationTool.csproj", "{08CEBE0F-2752-3A05-AB76-17EC56B5E354}"
EndProject
Project("{FAE04EC0-301F-11D3-BF4B-00C04F79EFBC}") = "Android.Automation", "..\..\..\Program Files\Epic Games\UE_5.3\Engine\Source\Programs\AutomationTool\Android\Android.Automation.csproj", "{231D9CE5-7471-36E6-885B-A404B1A75542}"
EndProject
Project("{FAE04EC0-301F-11D3-BF4B-00C04F79EFBC}") = "Apple.Automation", "..\..\..\Program Files\Epic Games\UE_5.3\Engine\Source\Programs\AutomationTool\Apple\Apple.Automation.csproj", "{3797422E-4D1C-33AC-A28E-0907399CB42B}"
EndProject
Project("{FAE04EC0-301F-11D3-BF4B-00C04F79EFBC}") = "AutomationUtils.Automation", "..\..\..\Program Files\Epic Games\UE_5.3\Engine\Source\Programs\AutomationTool\AutomationUtils\AutomationUtils.Automation.csproj", "{6AF3BE10-E716-38AD-9503-6BED02EA7B18}"
EndProject
Project("{FAE04EC0-301F-11D3-BF4B-00C04F79EFBC}") = "BuildGraph.Automation", "..\..\..\Program Files\Epic Games\UE_5.3\Engine\Source\Programs\AutomationTool\BuildGraph\BuildGraph.Automation.csproj", "{6D744533-C0D3-375D-A86E-3FA7A5D7BBCF}"
EndProject
Project("{FAE04EC0-301F-11D3-BF4B-00C04F79EFBC}") = "CookedEditor.Automation", "..\..\..\Program Files\Epic Games\UE_5.3\Engine\Source\Programs\AutomationTool\CookedEditor\CookedEditor.Automation.csproj", "{138D622B-6037-3DA7-8496-660915293201}"
EndProject
Project("{FAE04EC0-301F-11D3-BF4B-00C04F79EFBC}") = "CrowdinLocalization.Automation", "..\..\..\Program Files\Epic Games\UE_5.3\Engine\Source\Programs\AutomationTool\CrowdinLocalization\CrowdinLocalization.Automation.csproj", "{4001EF58-BF3C-3A48-947E-5D367578E29D}"
EndProject
Project("{FAE04EC0-301F-11D3-BF4B-00C04F79EFBC}") = "Gauntlet.Automation", "..\..\..\Program Files\Epic Games\UE_5.3\Engine\Source\Programs\AutomationTool\Gauntlet\Gauntlet.Automation.csproj", "{FEBA7868-CD2D-3CD8-98CA-E19FAB8FCA75}"
EndProject
Project("{FAE04EC0-301F-11D3-BF4B-00C04F79EFBC}") = "IOS.Automation", "..\..\..\Program Files\Epic Games\UE_5.3\Engine\Source\Programs\AutomationTool\IOS\IOS.Automation.csproj", "{FE77CFBC-AB3C-3FC8-B39A-FE557DDC5E6E}"
EndProject
Project("{FAE04EC0-301F-11D3-BF4B-00C04F79EFBC}") = "Linux.Automation", "..\..\..\Program Files\Epic Games\UE_5.3\Engine\Source\Programs\AutomationTool\Linux\Linux.Automation.csproj", "{D13E6AA6-9C1B-399B-9AA2-B40AC2CD1035}"
EndProject
Project("{FAE04EC0-301F-11D3-BF4B-00C04F79EFBC}") = "Localization.Automation", "..\..\..\Program Files\Epic Games\UE_5.3\Engine\Source\Programs\AutomationTool\Localization\Localization.Automation.csproj", "{E6792384-6F43-3CA8-867E-10C33346334B}"
EndProject
Project("{FAE04EC0-301F-11D3-BF4B-00C04F79EFBC}") = "LowLevelTests.Automation", "..\..\..\Program Files\Epic Games\UE_5.3\Engine\Source\Programs\AutomationTool\LowLevelTests\LowLevelTests.Automation.csproj", "{C658257F-3783-3A2D-B94D-B3C45CF6DC21}"
EndProject
Project("{FAE04EC0-301F-11D3-BF4B-00C04F79EFBC}") = "Mac.Automation", "..\..\..\Program Files\Epic Games\UE_5.3\Engine\Source\Programs\AutomationTool\Mac\Mac.Automation.csproj", "{3D40D2EE-2A44-3119-B8D1-433DE1CA0DB9}"
EndProject
Project("{FAE04EC0-301F-11D3-BF4B-00C04F79EFBC}") = "OneSkyLocalization.Automation", "..\..\..\Program Files\Epic Games\UE_5.3\Engine\Source\Programs\AutomationTool\OneSkyLocalization\OneSkyLocalization.Automation.csproj", "{501A4E5F-EF4C-312F-843F-9FA1946679A0}"
EndProject
Project("{FAE04EC0-301F-11D3-BF4B-00C04F79EFBC}") = "AutomationScripts.Automation", "..\..\..\Program Files\Epic Games\UE_5.3\Engine\Source\Programs\AutomationTool\Scripts\AutomationScripts.Automation.csproj", "{DC22A952-CBF5-36BC-9137-7995E9856A19}"
EndProject
Project("{FAE04EC0-301F-11D3-BF4B-00C04F79EFBC}") = "SmartlingLocalization.Automation", "..\..\..\Program Files\Epic Games\UE_5.3\Engine\Source\Programs\AutomationTool\SmartlingLocalization\SmartlingLocalization.Automation.csproj", "{26B101F0-378D-326C-B221-C613564A8E2F}"
EndProject
Project("{FAE04EC0-301F-11D3-BF4B-00C04F79EFBC}") = "SteamDeck.Automation", "..\..\..\Program Files\Epic Games\UE_5.3\Engine\Source\Programs\AutomationTool\SteamDeck\SteamDeck.Automation.csproj", "{31097C12-63A1-39B7-9E89-0393BB166A6F}"
EndProject
Project("{FAE04EC0-301F-11D3-BF4B-00C04F79EFBC}") = "TVOS.Automation", "..\..\..\Program Files\Epic Games\UE_5.3\Engine\Source\Programs\AutomationTool\TVOS\TVOS.Automation.csproj", "{DF4A6419-08FA-3A7A-932D-6DB7919C1A8F}"
EndProject
Project("{FAE04EC0-301F-11D3-BF4B-00C04F79EFBC}") = "Turnkey.Automation", "..\..\..\Program Files\Epic Games\UE_5.3\Engine\Source\Programs\AutomationTool\Turnkey\Turnkey.Automation.csproj", "{8D6A6EA0-2C0E-36B8-B7AA-8D615D091E6B}"
EndProject
Project("{FAE04EC0-301F-11D3-BF4B-00C04F79EFBC}") = "Win.Automation", "..\..\..\Program Files\Epic Games\UE_5.3\Engine\Source\Programs\AutomationTool\Win\Win.Automation.csproj", "{F8971E56-86CB-3797-B02C-AAEB13A0F401}"
EndProject
Project("{FAE04EC0-301F-11D3-BF4B-00C04F79EFBC}") = "XLocLocalization.Automation", "..\..\..\Program Files\Epic Games\UE_5.3\Engine\Source\Programs\AutomationTool\XLocLocalization\XLocLocalization.Automation.csproj", "{DAB0A011-613B-32D8-92BE-AB1F330E3D15}"
EndProject
Project("{FAE04EC0-301F-11D3-BF4B-00C04F79EFBC}") = "ScriptGeneratorUbtPlugin.ubtplugin", "..\..\..\Program Files\Epic Games\UE_5.3\Engine\Plugins\ScriptPlugin\Source\ScriptGeneratorUbtPlugin\ScriptGeneratorUbtPlugin.ubtplugin.csproj", "{0000FFEE-2FED-3399-B136-1F9DE2024466}"
EndProject
Project("{FAE04EC0-301F-11D3-BF4B-00C04F79EFBC}") = "EpicGames.AspNet", "..\..\..\Program Files\Epic Games\UE_5.3\Engine\Source\Programs\Shared\EpicGames.AspNet\EpicGames.AspNet.csproj", "{D4E8879F-8539-348C-8E2A-6D72A4914D19}"
EndProject
Project("{FAE04EC0-301F-11D3-BF4B-00C04F79EFBC}") = "EpicGames.Box", "..\..\..\Program Files\Epic Games\UE_5.3\Engine\Source\Programs\Shared\EpicGames.Box\EpicGames.Box.csproj", "{08061B36-A9EB-31F7-962E-C8B0C33AE583}"
EndProject
Project("{FAE04EC0-301F-11D3-BF4B-00C04F79EFBC}") = "EpicGames.Build", "..\..\..\Program Files\Epic Games\UE_5.3\Engine\Source\Programs\Shared\EpicGames.Build\EpicGames.Build.csproj", "{C4FA9826-9778-37F8-9DD8-6752405C0891}"
EndProject
Project("{FAE04EC0-301F-11D3-BF4B-00C04F79EFBC}") = "EpicGames.BuildGraph", "..\..\..\Program Files\Epic Games\UE_5.3\Engine\Source\Programs\Shared\EpicGames.BuildGraph\EpicGames.BuildGraph.csproj", "{65D40916-D79F-3B6E-B3A1-16388204C8E9}"
EndProject
Project("{FAE04EC0-301F-11D3-BF4B-00C04F79EFBC}") = "EpicGames.Core", "..\..\..\Program Files\Epic Games\UE_5.3\Engine\Source\Programs\Shared\EpicGames.Core\EpicGames.Core.csproj", "{A0A66B50-9FE1-3705-8E62-FF5FB41A99E1}"
EndProject
Project("{FAE04EC0-301F-11D3-BF4B-00C04F79EFBC}") = "EpicGames.Horde", "..\..\..\Program Files\Epic Games\UE_5.3\Engine\Source\Programs\Shared\EpicGames.Horde\EpicGames.Horde.csproj", "{86BD565A-A650-33EC-8F56-51D7EE5FE8BA}"
EndProject
Project("{FAE04EC0-301F-11D3-BF4B-00C04F79EFBC}") = "EpicGames.IoHash", "..\..\..\Program Files\Epic Games\UE_5.3\Engine\Source\Programs\Shared\EpicGames.IoHash\EpicGames.IoHash.csproj", "{DA11F59E-E337-33AD-BDA7-3579E3874252}"
EndProject
Project("{FAE04EC0-301F-11D3-BF4B-00C04F79EFBC}") = "EpicGames.Jupiter", "..\..\..\Program Files\Epic Games\UE_5.3\Engine\Source\Programs\Shared\EpicGames.Jupiter\EpicGames.Jupiter.csproj", "{574FCC7C-3409-3FB0-B81D-34DA0C3071F5}"
EndProject
Project("{FAE04EC0-301F-11D3-BF4B-00C04F79EFBC}") = "EpicGames.MongoDB", "..\..\..\Program Files\Epic Games\UE_5.3\Engine\Source\Programs\Shared\EpicGames.MongoDB\EpicGames.MongoDB.csproj", "{086C374A-B80B-37D1-80D9-0AF8457BF2EC}"
EndProject
Project("{FAE04EC0-301F-11D3-BF4B-00C04F79EFBC}") = "EpicGames.MsBuild", "..\..\..\Program Files\Epic Games\UE_5.3\Engine\Source\Programs\Shared\EpicGames.MsBuild\EpicGames.MsBuild.csproj", "{784C8FAF-11B8-3D82-BF6A-2CD66D25473D}"
EndProject
Project("{FAE04EC0-301F-11D3-BF4B-00C04F79EFBC}") = "EpicGames.OIDC", "..\..\..\Program Files\Epic Games\UE_5.3\Engine\Source\Programs\Shared\EpicGames.OIDC\EpicGames.OIDC.csproj", "{93C39977-FAEF-375B-8724-70A7A315284C}"
EndProject
Project("{FAE04EC0-301F-11D3-BF4B-00C04F79EFBC}") = "EpicGames.Oodle", "..\..\..\Program Files\Epic Games\UE_5.3\Engine\Source\Programs\Shared\EpicGames.Oodle\EpicGames.Oodle.csproj", "{0EB0D35A-DED7-3F0B-940C-1333A2C1C3CE}"
EndProject
Project("{FAE04EC0-301F-11D3-BF4B-00C04F79EFBC}") = "EpicGames.Perforce", "..\..\..\Program Files\Epic Games\UE_5.3\Engine\Source\Programs\Shared\EpicGames.Perforce\EpicGames.Perforce.csproj", "{2C1CBF9D-C227-34D8-8EED-A9067A57B278}"
EndProject
Project("{FAE04EC0-301F-11D3-BF4B-00C04F79EFBC}") = "EpicGames.Perforce.Fixture", "..\..\..\Program Files\Epic Games\UE_5.3\Engine\Source\Programs\Shared\EpicGames.Perforce.Fixture\EpicGames.Perforce.Fixture.csproj", "{928945C5-C27A-3F67-8A76-545B369951A2}"
EndProject
Project("{FAE04EC0-301F-11D3-BF4B-00C04F79EFBC}") = "EpicGames.Perforce.Managed", "..\..\..\Program Files\Epic Games\UE_5.3\Engine\Source\Programs\Shared\EpicGames.Perforce.Managed\EpicGames.Perforce.Managed.csproj", "{2D384EE7-FC22-3CDD-83C9-3F01477A598F}"
EndProject
Project("{FAE04EC0-301F-11D3-BF4B-00C04F79EFBC}") = "EpicGames.Redis", "..\..\..\Program Files\Epic Games\UE_5.3\Engine\Source\Programs\Shared\EpicGames.Redis\EpicGames.Redis.csproj", "{9196E1EB-9973-33B8-AA45-3F753E5A66FF}"
EndProject
Project("{FAE04EC0-301F-11D3-BF4B-00C04F79EFBC}") = "EpicGames.Serialization", "..\..\..\Program Files\Epic Games\UE_5.3\Engine\Source\Programs\Shared\EpicGames.Serialization\EpicGames.Serialization.csproj", "{19B10782-B705-3581-B1EA-AB1E52BA1C01}"
EndProject
Project("{FAE04EC0-301F-11D3-BF4B-00C04F79EFBC}") = "EpicGames.Slack", "..\..\..\Program Files\Epic Games\UE_5.3\Engine\Source\Programs\Shared\EpicGames.Slack\EpicGames.Slack.csproj", "{16EE923D-A0EE-37B9-8B79-F0F91042B248}"
EndProject
Project("{FAE04EC0-301F-11D3-BF4B-00C04F79EFBC}") = "EpicGames.Tracing", "..\..\..\Program Files\Epic Games\UE_5.3\Engine\Source\Programs\Shared\EpicGames.Tracing\EpicGames.Tracing.csproj", "{34354CB6-D0CA-3322-987A-4DA98A37E951}"
EndProject
Project("{FAE04EC0-301F-11D3-BF4B-00C04F79EFBC}") = "EpicGames.UHT", "..\..\..\Program Files\Epic Games\UE_5.3\Engine\Source\Programs\Shared\EpicGames.UHT\EpicGames.UHT.csproj", "{9F65829E-10C4-3813-A3F9-3723CB510C9E}"
EndProject
Project("{FAE04EC0-301F-11D3-BF4B-00C04F79EFBC}") = "ArcadeModuleRules", "Intermediate\Build\BuildRulesProjects\ArcadeModuleRules\ArcadeModuleRules.csproj", "{C1044A93-112C-38F5-B36A-C294265015D3}"
EndProject
Project("{FAE04EC0-301F-11D3-BF4B-00C04F79EFBC}") = "MarketplaceRules", "..\..\..\Program Files\Epic Games\UE_5.3\Engine\Intermediate\Build\BuildRulesProjects\MarketplaceRules\MarketplaceRules.csproj", "{9DA8AF98-869B-3213-84C0-9ED6DE8D563D}"
EndProject
Project("{FAE04EC0-301F-11D3-BF4B-00C04F79EFBC}") = "UE5ProgramRules", "..\..\..\Program Files\Epic Games\UE_5.3\Engine\Intermediate\Build\BuildRulesProjects\UE5ProgramRules\UE5ProgramRules.csproj", "{8F85C437-9504-3BD8-9593-C26BD76DA4E0}"
EndProject
Project("{FAE04EC0-301F-11D3-BF4B-00C04F79EFBC}") = "UE5Rules", "..\..\..\Program Files\Epic Games\UE_5.3\Engine\Intermediate\Build\BuildRulesProjects\UE5Rules\UE5Rules.csproj", "{2DB1201E-F944-3782-8E98-723BD4EA27A3}"
EndProject
Project("{2150E333-8FDC-42A3-9474-1A3956D46DE8}") = "Visualizers", "Visualizers", "{1CCEC849-CC72-4C59-8C36-2F7C38706D4C}"
	ProjectSection(SolutionItems) = preProject
		..\..\..\Program Files\Epic Games\UE_5.3\Engine\Extras\VisualStudioDebugging\Unreal.natvis = ..\..\..\Program Files\Epic Games\UE_5.3\Engine\Extras\VisualStudioDebugging\Unreal.natvis
		..\..\..\Program Files\Epic Games\UE_5.3\Engine\Extras\VisualStudioDebugging\Unreal.natstepfilter = ..\..\..\Program Files\Epic Games\UE_5.3\Engine\Extras\VisualStudioDebugging\Unreal.natstepfilter
	EndProjectSection
EndProject
Global
	GlobalSection(SolutionConfigurationPlatforms) = preSolution
		DebugGame Editor|Win64 = DebugGame Editor|Win64
		DebugGame|Win64 = DebugGame|Win64
		Development Editor|Win64 = Development Editor|Win64
		Development|Win64 = Development|Win64
		Shipping|Win64 = Shipping|Win64
	EndGlobalSection
	# UnrealVS Section
	GlobalSection(ddbf523f-7eb6-4887-bd51-85a714ff87eb) = preSolution
		AvailablePlatforms=Win64
	EndGlobalSection
	GlobalSection(ProjectConfigurationPlatforms) = postSolution
		{88899794-E4F1-3DAD-8632-2E9833B8805A}.DebugGame Editor|Win64.ActiveCfg = DebugGame_Editor|x64
		{88899794-E4F1-3DAD-8632-2E9833B8805A}.DebugGame Editor|Win64.Build.0 = DebugGame_Editor|x64
		{88899794-E4F1-3DAD-8632-2E9833B8805A}.DebugGame|Win64.ActiveCfg = DebugGame|x64
		{88899794-E4F1-3DAD-8632-2E9833B8805A}.DebugGame|Win64.Build.0 = DebugGame|x64
		{88899794-E4F1-3DAD-8632-2E9833B8805A}.Development Editor|Win64.ActiveCfg = Development_Editor|x64
		{88899794-E4F1-3DAD-8632-2E9833B8805A}.Development Editor|Win64.Build.0 = Development_Editor|x64
		{88899794-E4F1-3DAD-8632-2E9833B8805A}.Development|Win64.ActiveCfg = Development|x64
		{88899794-E4F1-3DAD-8632-2E9833B8805A}.Development|Win64.Build.0 = Development|x64
		{88899794-E4F1-3DAD-8632-2E9833B8805A}.Shipping|Win64.ActiveCfg = Shipping|x64
		{88899794-E4F1-3DAD-8632-2E9833B8805A}.Shipping|Win64.Build.0 = Shipping|x64
		{6CA6EBCF-8418-360C-BB0E-81EEC3E8A788}.DebugGame Editor|Win64.ActiveCfg = BuiltWithUnrealBuildTool|Win64
		{6CA6EBCF-8418-360C-BB0E-81EEC3E8A788}.DebugGame|Win64.ActiveCfg = BuiltWithUnrealBuildTool|Win64
		{6CA6EBCF-8418-360C-BB0E-81EEC3E8A788}.Development Editor|Win64.ActiveCfg = BuiltWithUnrealBuildTool|Win64
		{6CA6EBCF-8418-360C-BB0E-81EEC3E8A788}.Development|Win64.ActiveCfg = BuiltWithUnrealBuildTool|Win64
		{6CA6EBCF-8418-360C-BB0E-81EEC3E8A788}.Shipping|Win64.ActiveCfg = BuiltWithUnrealBuildTool|Win64
		{1839B036-161C-3CBF-9209-7B49C8136E29}.DebugGame Editor|Win64.ActiveCfg = Development|Any CPU
		{1839B036-161C-3CBF-9209-7B49C8136E29}.DebugGame Editor|Win64.Build.0 = Development|Any CPU
		{1839B036-161C-3CBF-9209-7B49C8136E29}.DebugGame|Win64.ActiveCfg = Development|Any CPU
		{1839B036-161C-3CBF-9209-7B49C8136E29}.DebugGame|Win64.Build.0 = Development|Any CPU
		{1839B036-161C-3CBF-9209-7B49C8136E29}.Development Editor|Win64.ActiveCfg = Development|Any CPU
		{1839B036-161C-3CBF-9209-7B49C8136E29}.Development Editor|Win64.Build.0 = Development|Any CPU
		{1839B036-161C-3CBF-9209-7B49C8136E29}.Development|Win64.ActiveCfg = Development|Any CPU
		{1839B036-161C-3CBF-9209-7B49C8136E29}.Development|Win64.Build.0 = Development|Any CPU
		{1839B036-161C-3CBF-9209-7B49C8136E29}.Shipping|Win64.ActiveCfg = Development|Any CPU
		{1839B036-161C-3CBF-9209-7B49C8136E29}.Shipping|Win64.Build.0 = Development|Any CPU
		{08CEBE0F-2752-3A05-AB76-17EC56B5E354}.DebugGame Editor|Win64.ActiveCfg = Development|Any CPU
		{08CEBE0F-2752-3A05-AB76-17EC56B5E354}.DebugGame Editor|Win64.Build.0 = Development|Any CPU
		{08CEBE0F-2752-3A05-AB76-17EC56B5E354}.DebugGame|Win64.ActiveCfg = Development|Any CPU
		{08CEBE0F-2752-3A05-AB76-17EC56B5E354}.DebugGame|Win64.Build.0 = Development|Any CPU
		{08CEBE0F-2752-3A05-AB76-17EC56B5E354}.Development Editor|Win64.ActiveCfg = Development|Any CPU
		{08CEBE0F-2752-3A05-AB76-17EC56B5E354}.Development Editor|Win64.Build.0 = Development|Any CPU
		{08CEBE0F-2752-3A05-AB76-17EC56B5E354}.Development|Win64.ActiveCfg = Development|Any CPU
		{08CEBE0F-2752-3A05-AB76-17EC56B5E354}.Development|Win64.Build.0 = Development|Any CPU
		{08CEBE0F-2752-3A05-AB76-17EC56B5E354}.Shipping|Win64.ActiveCfg = Development|Any CPU
		{08CEBE0F-2752-3A05-AB76-17EC56B5E354}.Shipping|Win64.Build.0 = Development|Any CPU
		{231D9CE5-7471-36E6-885B-A404B1A75542}.DebugGame Editor|Win64.ActiveCfg = Development|Any CPU
		{231D9CE5-7471-36E6-885B-A404B1A75542}.DebugGame Editor|Win64.Build.0 = Development|Any CPU
		{231D9CE5-7471-36E6-885B-A404B1A75542}.DebugGame|Win64.ActiveCfg = Development|Any CPU
		{231D9CE5-7471-36E6-885B-A404B1A75542}.DebugGame|Win64.Build.0 = Development|Any CPU
		{231D9CE5-7471-36E6-885B-A404B1A75542}.Development Editor|Win64.ActiveCfg = Development|Any CPU
		{231D9CE5-7471-36E6-885B-A404B1A75542}.Development Editor|Win64.Build.0 = Development|Any CPU
		{231D9CE5-7471-36E6-885B-A404B1A75542}.Development|Win64.ActiveCfg = Development|Any CPU
		{231D9CE5-7471-36E6-885B-A404B1A75542}.Development|Win64.Build.0 = Development|Any CPU
		{231D9CE5-7471-36E6-885B-A404B1A75542}.Shipping|Win64.ActiveCfg = Development|Any CPU
		{231D9CE5-7471-36E6-885B-A404B1A75542}.Shipping|Win64.Build.0 = Development|Any CPU
		{3797422E-4D1C-33AC-A28E-0907399CB42B}.DebugGame Editor|Win64.ActiveCfg = Development|Any CPU
		{3797422E-4D1C-33AC-A28E-0907399CB42B}.DebugGame Editor|Win64.Build.0 = Development|Any CPU
		{3797422E-4D1C-33AC-A28E-0907399CB42B}.DebugGame|Win64.ActiveCfg = Development|Any CPU
		{3797422E-4D1C-33AC-A28E-0907399CB42B}.DebugGame|Win64.Build.0 = Development|Any CPU
		{3797422E-4D1C-33AC-A28E-0907399CB42B}.Development Editor|Win64.ActiveCfg = Development|Any CPU
		{3797422E-4D1C-33AC-A28E-0907399CB42B}.Development Editor|Win64.Build.0 = Development|Any CPU
		{3797422E-4D1C-33AC-A28E-0907399CB42B}.Development|Win64.ActiveCfg = Development|Any CPU
		{3797422E-4D1C-33AC-A28E-0907399CB42B}.Development|Win64.Build.0 = Development|Any CPU
		{3797422E-4D1C-33AC-A28E-0907399CB42B}.Shipping|Win64.ActiveCfg = Development|Any CPU
		{3797422E-4D1C-33AC-A28E-0907399CB42B}.Shipping|Win64.Build.0 = Development|Any CPU
		{6AF3BE10-E716-38AD-9503-6BED02EA7B18}.DebugGame Editor|Win64.ActiveCfg = Development|Any CPU
		{6AF3BE10-E716-38AD-9503-6BED02EA7B18}.DebugGame Editor|Win64.Build.0 = Development|Any CPU
		{6AF3BE10-E716-38AD-9503-6BED02EA7B18}.DebugGame|Win64.ActiveCfg = Development|Any CPU
		{6AF3BE10-E716-38AD-9503-6BED02EA7B18}.DebugGame|Win64.Build.0 = Development|Any CPU
		{6AF3BE10-E716-38AD-9503-6BED02EA7B18}.Development Editor|Win64.ActiveCfg = Development|Any CPU
		{6AF3BE10-E716-38AD-9503-6BED02EA7B18}.Development Editor|Win64.Build.0 = Development|Any CPU
		{6AF3BE10-E716-38AD-9503-6BED02EA7B18}.Development|Win64.ActiveCfg = Development|Any CPU
		{6AF3BE10-E716-38AD-9503-6BED02EA7B18}.Development|Win64.Build.0 = Development|Any CPU
		{6AF3BE10-E716-38AD-9503-6BED02EA7B18}.Shipping|Win64.ActiveCfg = Development|Any CPU
		{6AF3BE10-E716-38AD-9503-6BED02EA7B18}.Shipping|Win64.Build.0 = Development|Any CPU
		{6D744533-C0D3-375D-A86E-3FA7A5D7BBCF}.DebugGame Editor|Win64.ActiveCfg = Development|Any CPU
		{6D744533-C0D3-375D-A86E-3FA7A5D7BBCF}.DebugGame Editor|Win64.Build.0 = Development|Any CPU
		{6D744533-C0D3-375D-A86E-3FA7A5D7BBCF}.DebugGame|Win64.ActiveCfg = Development|Any CPU
		{6D744533-C0D3-375D-A86E-3FA7A5D7BBCF}.DebugGame|Win64.Build.0 = Development|Any CPU
		{6D744533-C0D3-375D-A86E-3FA7A5D7BBCF}.Development Editor|Win64.ActiveCfg = Development|Any CPU
		{6D744533-C0D3-375D-A86E-3FA7A5D7BBCF}.Development Editor|Win64.Build.0 = Development|Any CPU
		{6D744533-C0D3-375D-A86E-3FA7A5D7BBCF}.Development|Win64.ActiveCfg = Development|Any CPU
		{6D744533-C0D3-375D-A86E-3FA7A5D7BBCF}.Development|Win64.Build.0 = Development|Any CPU
		{6D744533-C0D3-375D-A86E-3FA7A5D7BBCF}.Shipping|Win64.ActiveCfg = Development|Any CPU
		{6D744533-C0D3-375D-A86E-3FA7A5D7BBCF}.Shipping|Win64.Build.0 = Development|Any CPU
		{138D622B-6037-3DA7-8496-660915293201}.DebugGame Editor|Win64.ActiveCfg = Development|Any CPU
		{138D622B-6037-3DA7-8496-660915293201}.DebugGame Editor|Win64.Build.0 = Development|Any CPU
		{138D622B-6037-3DA7-8496-660915293201}.DebugGame|Win64.ActiveCfg = Development|Any CPU
		{138D622B-6037-3DA7-8496-660915293201}.DebugGame|Win64.Build.0 = Development|Any CPU
		{138D622B-6037-3DA7-8496-660915293201}.Development Editor|Win64.ActiveCfg = Development|Any CPU
		{138D622B-6037-3DA7-8496-660915293201}.Development Editor|Win64.Build.0 = Development|Any CPU
		{138D622B-6037-3DA7-8496-660915293201}.Development|Win64.ActiveCfg = Development|Any CPU
		{138D622B-6037-3DA7-8496-660915293201}.Development|Win64.Build.0 = Development|Any CPU
		{138D622B-6037-3DA7-8496-660915293201}.Shipping|Win64.ActiveCfg = Development|Any CPU
		{138D622B-6037-3DA7-8496-660915293201}.Shipping|Win64.Build.0 = Development|Any CPU
		{4001EF58-BF3C-3A48-947E-5D367578E29D}.DebugGame Editor|Win64.ActiveCfg = Development|Any CPU
		{4001EF58-BF3C-3A48-947E-5D367578E29D}.DebugGame Editor|Win64.Build.0 = Development|Any CPU
		{4001EF58-BF3C-3A48-947E-5D367578E29D}.DebugGame|Win64.ActiveCfg = Development|Any CPU
		{4001EF58-BF3C-3A48-947E-5D367578E29D}.DebugGame|Win64.Build.0 = Development|Any CPU
		{4001EF58-BF3C-3A48-947E-5D367578E29D}.Development Editor|Win64.ActiveCfg = Development|Any CPU
		{4001EF58-BF3C-3A48-947E-5D367578E29D}.Development Editor|Win64.Build.0 = Development|Any CPU
		{4001EF58-BF3C-3A48-947E-5D367578E29D}.Development|Win64.ActiveCfg = Development|Any CPU
		{4001EF58-BF3C-3A48-947E-5D367578E29D}.Development|Win64.Build.0 = Development|Any CPU
		{4001EF58-BF3C-3A48-947E-5D367578E29D}.Shipping|Win64.ActiveCfg = Development|Any CPU
		{4001EF58-BF3C-3A48-947E-5D367578E29D}.Shipping|Win64.Build.0 = Development|Any CPU
		{FEBA7868-CD2D-3CD8-98CA-E19FAB8FCA75}.DebugGame Editor|Win64.ActiveCfg = Development|Any CPU
		{FEBA7868-CD2D-3CD8-98CA-E19FAB8FCA75}.DebugGame Editor|Win64.Build.0 = Development|Any CPU
		{FEBA7868-CD2D-3CD8-98CA-E19FAB8FCA75}.DebugGame|Win64.ActiveCfg = Development|Any CPU
		{FEBA7868-CD2D-3CD8-98CA-E19FAB8FCA75}.DebugGame|Win64.Build.0 = Development|Any CPU
		{FEBA7868-CD2D-3CD8-98CA-E19FAB8FCA75}.Development Editor|Win64.ActiveCfg = Development|Any CPU
		{FEBA7868-CD2D-3CD8-98CA-E19FAB8FCA75}.Development Editor|Win64.Build.0 = Development|Any CPU
		{FEBA7868-CD2D-3CD8-98CA-E19FAB8FCA75}.Development|Win64.ActiveCfg = Development|Any CPU
		{FEBA7868-CD2D-3CD8-98CA-E19FAB8FCA75}.Development|Win64.Build.0 = Development|Any CPU
		{FEBA7868-CD2D-3CD8-98CA-E19FAB8FCA75}.Shipping|Win64.ActiveCfg = Development|Any CPU
		{FEBA7868-CD2D-3CD8-98CA-E19FAB8FCA75}.Shipping|Win64.Build.0 = Development|Any CPU
		{FE77CFBC-AB3C-3FC8-B39A-FE557DDC5E6E}.DebugGame Editor|Win64.ActiveCfg = Development|Any CPU
		{FE77CFBC-AB3C-3FC8-B39A-FE557DDC5E6E}.DebugGame Editor|Win64.Build.0 = Development|Any CPU
		{FE77CFBC-AB3C-3FC8-B39A-FE557DDC5E6E}.DebugGame|Win64.ActiveCfg = Development|Any CPU
		{FE77CFBC-AB3C-3FC8-B39A-FE557DDC5E6E}.DebugGame|Win64.Build.0 = Development|Any CPU
		{FE77CFBC-AB3C-3FC8-B39A-FE557DDC5E6E}.Development Editor|Win64.ActiveCfg = Development|Any CPU
		{FE77CFBC-AB3C-3FC8-B39A-FE557DDC5E6E}.Development Editor|Win64.Build.0 = Development|Any CPU
		{FE77CFBC-AB3C-3FC8-B39A-FE557DDC5E6E}.Development|Win64.ActiveCfg = Development|Any CPU
		{FE77CFBC-AB3C-3FC8-B39A-FE557DDC5E6E}.Development|Win64.Build.0 = Development|Any CPU
		{FE77CFBC-AB3C-3FC8-B39A-FE557DDC5E6E}.Shipping|Win64.ActiveCfg = Development|Any CPU
		{FE77CFBC-AB3C-3FC8-B39A-FE557DDC5E6E}.Shipping|Win64.Build.0 = Development|Any CPU
		{D13E6AA6-9C1B-399B-9AA2-B40AC2CD1035}.DebugGame Editor|Win64.ActiveCfg = Development|Any CPU
		{D13E6AA6-9C1B-399B-9AA2-B40AC2CD1035}.DebugGame Editor|Win64.Build.0 = Development|Any CPU
		{D13E6AA6-9C1B-399B-9AA2-B40AC2CD1035}.DebugGame|Win64.ActiveCfg = Development|Any CPU
		{D13E6AA6-9C1B-399B-9AA2-B40AC2CD1035}.DebugGame|Win64.Build.0 = Development|Any CPU
		{D13E6AA6-9C1B-399B-9AA2-B40AC2CD1035}.Development Editor|Win64.ActiveCfg = Development|Any CPU
		{D13E6AA6-9C1B-399B-9AA2-B40AC2CD1035}.Development Editor|Win64.Build.0 = Development|Any CPU
		{D13E6AA6-9C1B-399B-9AA2-B40AC2CD1035}.Development|Win64.ActiveCfg = Development|Any CPU
		{D13E6AA6-9C1B-399B-9AA2-B40AC2CD1035}.Development|Win64.Build.0 = Development|Any CPU
		{D13E6AA6-9C1B-399B-9AA2-B40AC2CD1035}.Shipping|Win64.ActiveCfg = Development|Any CPU
		{D13E6AA6-9C1B-399B-9AA2-B40AC2CD1035}.Shipping|Win64.Build.0 = Development|Any CPU
		{E6792384-6F43-3CA8-867E-10C33346334B}.DebugGame Editor|Win64.ActiveCfg = Development|Any CPU
		{E6792384-6F43-3CA8-867E-10C33346334B}.DebugGame Editor|Win64.Build.0 = Development|Any CPU
		{E6792384-6F43-3CA8-867E-10C33346334B}.DebugGame|Win64.ActiveCfg = Development|Any CPU
		{E6792384-6F43-3CA8-867E-10C33346334B}.DebugGame|Win64.Build.0 = Development|Any CPU
		{E6792384-6F43-3CA8-867E-10C33346334B}.Development Editor|Win64.ActiveCfg = Development|Any CPU
		{E6792384-6F43-3CA8-867E-10C33346334B}.Development Editor|Win64.Build.0 = Development|Any CPU
		{E6792384-6F43-3CA8-867E-10C33346334B}.Development|Win64.ActiveCfg = Development|Any CPU
		{E6792384-6F43-3CA8-867E-10C33346334B}.Development|Win64.Build.0 = Development|Any CPU
		{E6792384-6F43-3CA8-867E-10C33346334B}.Shipping|Win64.ActiveCfg = Development|Any CPU
		{E6792384-6F43-3CA8-867E-10C33346334B}.Shipping|Win64.Build.0 = Development|Any CPU
		{C658257F-3783-3A2D-B94D-B3C45CF6DC21}.DebugGame Editor|Win64.ActiveCfg = Development|Any CPU
		{C658257F-3783-3A2D-B94D-B3C45CF6DC21}.DebugGame Editor|Win64.Build.0 = Development|Any CPU
		{C658257F-3783-3A2D-B94D-B3C45CF6DC21}.DebugGame|Win64.ActiveCfg = Development|Any CPU
		{C658257F-3783-3A2D-B94D-B3C45CF6DC21}.DebugGame|Win64.Build.0 = Development|Any CPU
		{C658257F-3783-3A2D-B94D-B3C45CF6DC21}.Development Editor|Win64.ActiveCfg = Development|Any CPU
		{C658257F-3783-3A2D-B94D-B3C45CF6DC21}.Development Editor|Win64.Build.0 = Development|Any CPU
		{C658257F-3783-3A2D-B94D-B3C45CF6DC21}.Development|Win64.ActiveCfg = Development|Any CPU
		{C658257F-3783-3A2D-B94D-B3C45CF6DC21}.Development|Win64.Build.0 = Development|Any CPU
		{C658257F-3783-3A2D-B94D-B3C45CF6DC21}.Shipping|Win64.ActiveCfg = Development|Any CPU
		{C658257F-3783-3A2D-B94D-B3C45CF6DC21}.Shipping|Win64.Build.0 = Development|Any CPU
		{3D40D2EE-2A44-3119-B8D1-433DE1CA0DB9}.DebugGame Editor|Win64.ActiveCfg = Development|Any CPU
		{3D40D2EE-2A44-3119-B8D1-433DE1CA0DB9}.DebugGame Editor|Win64.Build.0 = Development|Any CPU
		{3D40D2EE-2A44-3119-B8D1-433DE1CA0DB9}.DebugGame|Win64.ActiveCfg = Development|Any CPU
		{3D40D2EE-2A44-3119-B8D1-433DE1CA0DB9}.DebugGame|Win64.Build.0 = Development|Any CPU
		{3D40D2EE-2A44-3119-B8D1-433DE1CA0DB9}.Development Editor|Win64.ActiveCfg = Development|Any CPU
		{3D40D2EE-2A44-3119-B8D1-433DE1CA0DB9}.Development Editor|Win64.Build.0 = Development|Any CPU
		{3D40D2EE-2A44-3119-B8D1-433DE1CA0DB9}.Development|Win64.ActiveCfg = Development|Any CPU
		{3D40D2EE-2A44-3119-B8D1-433DE1CA0DB9}.Development|Win64.Build.0 = Development|Any CPU
		{3D40D2EE-2A44-3119-B8D1-433DE1CA0DB9}.Shipping|Win64.ActiveCfg = Development|Any CPU
		{3D40D2EE-2A44-3119-B8D1-433DE1CA0DB9}.Shipping|Win64.Build.0 = Development|Any CPU
		{501A4E5F-EF4C-312F-843F-9FA1946679A0}.DebugGame Editor|Win64.ActiveCfg = Development|Any CPU
		{501A4E5F-EF4C-312F-843F-9FA1946679A0}.DebugGame Editor|Win64.Build.0 = Development|Any CPU
		{501A4E5F-EF4C-312F-843F-9FA1946679A0}.DebugGame|Win64.ActiveCfg = Development|Any CPU
		{501A4E5F-EF4C-312F-843F-9FA1946679A0}.DebugGame|Win64.Build.0 = Development|Any CPU
		{501A4E5F-EF4C-312F-843F-9FA1946679A0}.Development Editor|Win64.ActiveCfg = Development|Any CPU
		{501A4E5F-EF4C-312F-843F-9FA1946679A0}.Development Editor|Win64.Build.0 = Development|Any CPU
		{501A4E5F-EF4C-312F-843F-9FA1946679A0}.Development|Win64.ActiveCfg = Development|Any CPU
		{501A4E5F-EF4C-312F-843F-9FA1946679A0}.Development|Win64.Build.0 = Development|Any CPU
		{501A4E5F-EF4C-312F-843F-9FA1946679A0}.Shipping|Win64.ActiveCfg = Development|Any CPU
		{501A4E5F-EF4C-312F-843F-9FA1946679A0}.Shipping|Win64.Build.0 = Development|Any CPU
		{DC22A952-CBF5-36BC-9137-7995E9856A19}.DebugGame Editor|Win64.ActiveCfg = Development|Any CPU
		{DC22A952-CBF5-36BC-9137-7995E9856A19}.DebugGame Editor|Win64.Build.0 = Development|Any CPU
		{DC22A952-CBF5-36BC-9137-7995E9856A19}.DebugGame|Win64.ActiveCfg = Development|Any CPU
		{DC22A952-CBF5-36BC-9137-7995E9856A19}.DebugGame|Win64.Build.0 = Development|Any CPU
		{DC22A952-CBF5-36BC-9137-7995E9856A19}.Development Editor|Win64.ActiveCfg = Development|Any CPU
		{DC22A952-CBF5-36BC-9137-7995E9856A19}.Development Editor|Win64.Build.0 = Development|Any CPU
		{DC22A952-CBF5-36BC-9137-7995E9856A19}.Development|Win64.ActiveCfg = Development|Any CPU
		{DC22A952-CBF5-36BC-9137-7995E9856A19}.Development|Win64.Build.0 = Development|Any CPU
		{DC22A952-CBF5-36BC-9137-7995E9856A19}.Shipping|Win64.ActiveCfg = Development|Any CPU
		{DC22A952-CBF5-36BC-9137-7995E9856A19}.Shipping|Win64.Build.0 = Development|Any CPU
		{26B101F0-378D-326C-B221-C613564A8E2F}.DebugGame Editor|Win64.ActiveCfg = Development|Any CPU
		{26B101F0-378D-326C-B221-C613564A8E2F}.DebugGame Editor|Win64.Build.0 = Development|Any CPU
		{26B101F0-378D-326C-B221-C613564A8E2F}.DebugGame|Win64.ActiveCfg = Development|Any CPU
		{26B101F0-378D-326C-B221-C613564A8E2F}.DebugGame|Win64.Build.0 = Development|Any CPU
		{26B101F0-378D-326C-B221-C613564A8E2F}.Development Editor|Win64.ActiveCfg = Development|Any CPU
		{26B101F0-378D-326C-B221-C613564A8E2F}.Development Editor|Win64.Build.0 = Development|Any CPU
		{26B101F0-378D-326C-B221-C613564A8E2F}.Development|Win64.ActiveCfg = Development|Any CPU
		{26B101F0-378D-326C-B221-C613564A8E2F}.Development|Win64.Build.0 = Development|Any CPU
		{26B101F0-378D-326C-B221-C613564A8E2F}.Shipping|Win64.ActiveCfg = Development|Any CPU
		{26B101F0-378D-326C-B221-C613564A8E2F}.Shipping|Win64.Build.0 = Development|Any CPU
		{31097C12-63A1-39B7-9E89-0393BB166A6F}.DebugGame Editor|Win64.ActiveCfg = Development|Any CPU
		{31097C12-63A1-39B7-9E89-0393BB166A6F}.DebugGame Editor|Win64.Build.0 = Development|Any CPU
		{31097C12-63A1-39B7-9E89-0393BB166A6F}.DebugGame|Win64.ActiveCfg = Development|Any CPU
		{31097C12-63A1-39B7-9E89-0393BB166A6F}.DebugGame|Win64.Build.0 = Development|Any CPU
		{31097C12-63A1-39B7-9E89-0393BB166A6F}.Development Editor|Win64.ActiveCfg = Development|Any CPU
		{31097C12-63A1-39B7-9E89-0393BB166A6F}.Development Editor|Win64.Build.0 = Development|Any CPU
		{31097C12-63A1-39B7-9E89-0393BB166A6F}.Development|Win64.ActiveCfg = Development|Any CPU
		{31097C12-63A1-39B7-9E89-0393BB166A6F}.Development|Win64.Build.0 = Development|Any CPU
		{31097C12-63A1-39B7-9E89-0393BB166A6F}.Shipping|Win64.ActiveCfg = Development|Any CPU
		{31097C12-63A1-39B7-9E89-0393BB166A6F}.Shipping|Win64.Build.0 = Development|Any CPU
		{DF4A6419-08FA-3A7A-932D-6DB7919C1A8F}.DebugGame Editor|Win64.ActiveCfg = Development|Any CPU
		{DF4A6419-08FA-3A7A-932D-6DB7919C1A8F}.DebugGame Editor|Win64.Build.0 = Development|Any CPU
		{DF4A6419-08FA-3A7A-932D-6DB7919C1A8F}.DebugGame|Win64.ActiveCfg = Development|Any CPU
		{DF4A6419-08FA-3A7A-932D-6DB7919C1A8F}.DebugGame|Win64.Build.0 = Development|Any CPU
		{DF4A6419-08FA-3A7A-932D-6DB7919C1A8F}.Development Editor|Win64.ActiveCfg = Development|Any CPU
		{DF4A6419-08FA-3A7A-932D-6DB7919C1A8F}.Development Editor|Win64.Build.0 = Development|Any CPU
		{DF4A6419-08FA-3A7A-932D-6DB7919C1A8F}.Development|Win64.ActiveCfg = Development|Any CPU
		{DF4A6419-08FA-3A7A-932D-6DB7919C1A8F}.Development|Win64.Build.0 = Development|Any CPU
		{DF4A6419-08FA-3A7A-932D-6DB7919C1A8F}.Shipping|Win64.ActiveCfg = Development|Any CPU
		{DF4A6419-08FA-3A7A-932D-6DB7919C1A8F}.Shipping|Win64.Build.0 = Development|Any CPU
		{8D6A6EA0-2C0E-36B8-B7AA-8D615D091E6B}.DebugGame Editor|Win64.ActiveCfg = Development|Any CPU
		{8D6A6EA0-2C0E-36B8-B7AA-8D615D091E6B}.DebugGame Editor|Win64.Build.0 = Development|Any CPU
		{8D6A6EA0-2C0E-36B8-B7AA-8D615D091E6B}.DebugGame|Win64.ActiveCfg = Development|Any CPU
		{8D6A6EA0-2C0E-36B8-B7AA-8D615D091E6B}.DebugGame|Win64.Build.0 = Development|Any CPU
		{8D6A6EA0-2C0E-36B8-B7AA-8D615D091E6B}.Development Editor|Win64.ActiveCfg = Development|Any CPU
		{8D6A6EA0-2C0E-36B8-B7AA-8D615D091E6B}.Development Editor|Win64.Build.0 = Development|Any CPU
		{8D6A6EA0-2C0E-36B8-B7AA-8D615D091E6B}.Development|Win64.ActiveCfg = Development|Any CPU
		{8D6A6EA0-2C0E-36B8-B7AA-8D615D091E6B}.Development|Win64.Build.0 = Development|Any CPU
		{8D6A6EA0-2C0E-36B8-B7AA-8D615D091E6B}.Shipping|Win64.ActiveCfg = Development|Any CPU
		{8D6A6EA0-2C0E-36B8-B7AA-8D615D091E6B}.Shipping|Win64.Build.0 = Development|Any CPU
		{F8971E56-86CB-3797-B02C-AAEB13A0F401}.DebugGame Editor|Win64.ActiveCfg = Development|Any CPU
		{F8971E56-86CB-3797-B02C-AAEB13A0F401}.DebugGame Editor|Win64.Build.0 = Development|Any CPU
		{F8971E56-86CB-3797-B02C-AAEB13A0F401}.DebugGame|Win64.ActiveCfg = Development|Any CPU
		{F8971E56-86CB-3797-B02C-AAEB13A0F401}.DebugGame|Win64.Build.0 = Development|Any CPU
		{F8971E56-86CB-3797-B02C-AAEB13A0F401}.Development Editor|Win64.ActiveCfg = Development|Any CPU
		{F8971E56-86CB-3797-B02C-AAEB13A0F401}.Development Editor|Win64.Build.0 = Development|Any CPU
		{F8971E56-86CB-3797-B02C-AAEB13A0F401}.Development|Win64.ActiveCfg = Development|Any CPU
		{F8971E56-86CB-3797-B02C-AAEB13A0F401}.Development|Win64.Build.0 = Development|Any CPU
		{F8971E56-86CB-3797-B02C-AAEB13A0F401}.Shipping|Win64.ActiveCfg = Development|Any CPU
		{F8971E56-86CB-3797-B02C-AAEB13A0F401}.Shipping|Win64.Build.0 = Development|Any CPU
		{DAB0A011-613B-32D8-92BE-AB1F330E3D15}.DebugGame Editor|Win64.ActiveCfg = Development|Any CPU
		{DAB0A011-613B-32D8-92BE-AB1F330E3D15}.DebugGame Editor|Win64.Build.0 = Development|Any CPU
		{DAB0A011-613B-32D8-92BE-AB1F330E3D15}.DebugGame|Win64.ActiveCfg = Development|Any CPU
		{DAB0A011-613B-32D8-92BE-AB1F330E3D15}.DebugGame|Win64.Build.0 = Development|Any CPU
		{DAB0A011-613B-32D8-92BE-AB1F330E3D15}.Development Editor|Win64.ActiveCfg = Development|Any CPU
		{DAB0A011-613B-32D8-92BE-AB1F330E3D15}.Development Editor|Win64.Build.0 = Development|Any CPU
		{DAB0A011-613B-32D8-92BE-AB1F330E3D15}.Development|Win64.ActiveCfg = Development|Any CPU
		{DAB0A011-613B-32D8-92BE-AB1F330E3D15}.Development|Win64.Build.0 = Development|Any CPU
		{DAB0A011-613B-32D8-92BE-AB1F330E3D15}.Shipping|Win64.ActiveCfg = Development|Any CPU
		{DAB0A011-613B-32D8-92BE-AB1F330E3D15}.Shipping|Win64.Build.0 = Development|Any CPU
		{0000FFEE-2FED-3399-B136-1F9DE2024466}.DebugGame Editor|Win64.ActiveCfg = Development|Any CPU
		{0000FFEE-2FED-3399-B136-1F9DE2024466}.DebugGame Editor|Win64.Build.0 = Development|Any CPU
		{0000FFEE-2FED-3399-B136-1F9DE2024466}.DebugGame|Win64.ActiveCfg = Development|Any CPU
		{0000FFEE-2FED-3399-B136-1F9DE2024466}.DebugGame|Win64.Build.0 = Development|Any CPU
		{0000FFEE-2FED-3399-B136-1F9DE2024466}.Development Editor|Win64.ActiveCfg = Development|Any CPU
		{0000FFEE-2FED-3399-B136-1F9DE2024466}.Development Editor|Win64.Build.0 = Development|Any CPU
		{0000FFEE-2FED-3399-B136-1F9DE2024466}.Development|Win64.ActiveCfg = Development|Any CPU
		{0000FFEE-2FED-3399-B136-1F9DE2024466}.Development|Win64.Build.0 = Development|Any CPU
		{0000FFEE-2FED-3399-B136-1F9DE2024466}.Shipping|Win64.ActiveCfg = Development|Any CPU
		{0000FFEE-2FED-3399-B136-1F9DE2024466}.Shipping|Win64.Build.0 = Development|Any CPU
		{D4E8879F-8539-348C-8E2A-6D72A4914D19}.DebugGame Editor|Win64.ActiveCfg = Development|Any CPU
		{D4E8879F-8539-348C-8E2A-6D72A4914D19}.DebugGame Editor|Win64.Build.0 = Development|Any CPU
		{D4E8879F-8539-348C-8E2A-6D72A4914D19}.DebugGame|Win64.ActiveCfg = Development|Any CPU
		{D4E8879F-8539-348C-8E2A-6D72A4914D19}.DebugGame|Win64.Build.0 = Development|Any CPU
		{D4E8879F-8539-348C-8E2A-6D72A4914D19}.Development Editor|Win64.ActiveCfg = Development|Any CPU
		{D4E8879F-8539-348C-8E2A-6D72A4914D19}.Development Editor|Win64.Build.0 = Development|Any CPU
		{D4E8879F-8539-348C-8E2A-6D72A4914D19}.Development|Win64.ActiveCfg = Development|Any CPU
		{D4E8879F-8539-348C-8E2A-6D72A4914D19}.Development|Win64.Build.0 = Development|Any CPU
		{D4E8879F-8539-348C-8E2A-6D72A4914D19}.Shipping|Win64.ActiveCfg = Development|Any CPU
		{D4E8879F-8539-348C-8E2A-6D72A4914D19}.Shipping|Win64.Build.0 = Development|Any CPU
		{08061B36-A9EB-31F7-962E-C8B0C33AE583}.DebugGame Editor|Win64.ActiveCfg = Development|Any CPU
		{08061B36-A9EB-31F7-962E-C8B0C33AE583}.DebugGame Editor|Win64.Build.0 = Development|Any CPU
		{08061B36-A9EB-31F7-962E-C8B0C33AE583}.DebugGame|Win64.ActiveCfg = Development|Any CPU
		{08061B36-A9EB-31F7-962E-C8B0C33AE583}.DebugGame|Win64.Build.0 = Development|Any CPU
		{08061B36-A9EB-31F7-962E-C8B0C33AE583}.Development Editor|Win64.ActiveCfg = Development|Any CPU
		{08061B36-A9EB-31F7-962E-C8B0C33AE583}.Development Editor|Win64.Build.0 = Development|Any CPU
		{08061B36-A9EB-31F7-962E-C8B0C33AE583}.Development|Win64.ActiveCfg = Development|Any CPU
		{08061B36-A9EB-31F7-962E-C8B0C33AE583}.Development|Win64.Build.0 = Development|Any CPU
		{08061B36-A9EB-31F7-962E-C8B0C33AE583}.Shipping|Win64.ActiveCfg = Development|Any CPU
		{08061B36-A9EB-31F7-962E-C8B0C33AE583}.Shipping|Win64.Build.0 = Development|Any CPU
		{C4FA9826-9778-37F8-9DD8-6752405C0891}.DebugGame Editor|Win64.ActiveCfg = Development|Any CPU
		{C4FA9826-9778-37F8-9DD8-6752405C0891}.DebugGame Editor|Win64.Build.0 = Development|Any CPU
		{C4FA9826-9778-37F8-9DD8-6752405C0891}.DebugGame|Win64.ActiveCfg = Development|Any CPU
		{C4FA9826-9778-37F8-9DD8-6752405C0891}.DebugGame|Win64.Build.0 = Development|Any CPU
		{C4FA9826-9778-37F8-9DD8-6752405C0891}.Development Editor|Win64.ActiveCfg = Development|Any CPU
		{C4FA9826-9778-37F8-9DD8-6752405C0891}.Development Editor|Win64.Build.0 = Development|Any CPU
		{C4FA9826-9778-37F8-9DD8-6752405C0891}.Development|Win64.ActiveCfg = Development|Any CPU
		{C4FA9826-9778-37F8-9DD8-6752405C0891}.Development|Win64.Build.0 = Development|Any CPU
		{C4FA9826-9778-37F8-9DD8-6752405C0891}.Shipping|Win64.ActiveCfg = Development|Any CPU
		{C4FA9826-9778-37F8-9DD8-6752405C0891}.Shipping|Win64.Build.0 = Development|Any CPU
		{65D40916-D79F-3B6E-B3A1-16388204C8E9}.DebugGame Editor|Win64.ActiveCfg = Development|Any CPU
		{65D40916-D79F-3B6E-B3A1-16388204C8E9}.DebugGame Editor|Win64.Build.0 = Development|Any CPU
		{65D40916-D79F-3B6E-B3A1-16388204C8E9}.DebugGame|Win64.ActiveCfg = Development|Any CPU
		{65D40916-D79F-3B6E-B3A1-16388204C8E9}.DebugGame|Win64.Build.0 = Development|Any CPU
		{65D40916-D79F-3B6E-B3A1-16388204C8E9}.Development Editor|Win64.ActiveCfg = Development|Any CPU
		{65D40916-D79F-3B6E-B3A1-16388204C8E9}.Development Editor|Win64.Build.0 = Development|Any CPU
		{65D40916-D79F-3B6E-B3A1-16388204C8E9}.Development|Win64.ActiveCfg = Development|Any CPU
		{65D40916-D79F-3B6E-B3A1-16388204C8E9}.Development|Win64.Build.0 = Development|Any CPU
		{65D40916-D79F-3B6E-B3A1-16388204C8E9}.Shipping|Win64.ActiveCfg = Development|Any CPU
		{65D40916-D79F-3B6E-B3A1-16388204C8E9}.Shipping|Win64.Build.0 = Development|Any CPU
		{A0A66B50-9FE1-3705-8E62-FF5FB41A99E1}.DebugGame Editor|Win64.ActiveCfg = Development|Any CPU
		{A0A66B50-9FE1-3705-8E62-FF5FB41A99E1}.DebugGame Editor|Win64.Build.0 = Development|Any CPU
		{A0A66B50-9FE1-3705-8E62-FF5FB41A99E1}.DebugGame|Win64.ActiveCfg = Development|Any CPU
		{A0A66B50-9FE1-3705-8E62-FF5FB41A99E1}.DebugGame|Win64.Build.0 = Development|Any CPU
		{A0A66B50-9FE1-3705-8E62-FF5FB41A99E1}.Development Editor|Win64.ActiveCfg = Development|Any CPU
		{A0A66B50-9FE1-3705-8E62-FF5FB41A99E1}.Development Editor|Win64.Build.0 = Development|Any CPU
		{A0A66B50-9FE1-3705-8E62-FF5FB41A99E1}.Development|Win64.ActiveCfg = Development|Any CPU
		{A0A66B50-9FE1-3705-8E62-FF5FB41A99E1}.Development|Win64.Build.0 = Development|Any CPU
		{A0A66B50-9FE1-3705-8E62-FF5FB41A99E1}.Shipping|Win64.ActiveCfg = Development|Any CPU
		{A0A66B50-9FE1-3705-8E62-FF5FB41A99E1}.Shipping|Win64.Build.0 = Development|Any CPU
		{86BD565A-A650-33EC-8F56-51D7EE5FE8BA}.DebugGame Editor|Win64.ActiveCfg = Development|Any CPU
		{86BD565A-A650-33EC-8F56-51D7EE5FE8BA}.DebugGame Editor|Win64.Build.0 = Development|Any CPU
		{86BD565A-A650-33EC-8F56-51D7EE5FE8BA}.DebugGame|Win64.ActiveCfg = Development|Any CPU
		{86BD565A-A650-33EC-8F56-51D7EE5FE8BA}.DebugGame|Win64.Build.0 = Development|Any CPU
		{86BD565A-A650-33EC-8F56-51D7EE5FE8BA}.Development Editor|Win64.ActiveCfg = Development|Any CPU
		{86BD565A-A650-33EC-8F56-51D7EE5FE8BA}.Development Editor|Win64.Build.0 = Development|Any CPU
		{86BD565A-A650-33EC-8F56-51D7EE5FE8BA}.Development|Win64.ActiveCfg = Development|Any CPU
		{86BD565A-A650-33EC-8F56-51D7EE5FE8BA}.Development|Win64.Build.0 = Development|Any CPU
		{86BD565A-A650-33EC-8F56-51D7EE5FE8BA}.Shipping|Win64.ActiveCfg = Development|Any CPU
		{86BD565A-A650-33EC-8F56-51D7EE5FE8BA}.Shipping|Win64.Build.0 = Development|Any CPU
		{DA11F59E-E337-33AD-BDA7-3579E3874252}.DebugGame Editor|Win64.ActiveCfg = Development|Any CPU
		{DA11F59E-E337-33AD-BDA7-3579E3874252}.DebugGame Editor|Win64.Build.0 = Development|Any CPU
		{DA11F59E-E337-33AD-BDA7-3579E3874252}.DebugGame|Win64.ActiveCfg = Development|Any CPU
		{DA11F59E-E337-33AD-BDA7-3579E3874252}.DebugGame|Win64.Build.0 = Development|Any CPU
		{DA11F59E-E337-33AD-BDA7-3579E3874252}.Development Editor|Win64.ActiveCfg = Development|Any CPU
		{DA11F59E-E337-33AD-BDA7-3579E3874252}.Development Editor|Win64.Build.0 = Development|Any CPU
		{DA11F59E-E337-33AD-BDA7-3579E3874252}.Development|Win64.ActiveCfg = Development|Any CPU
		{DA11F59E-E337-33AD-BDA7-3579E3874252}.Development|Win64.Build.0 = Development|Any CPU
		{DA11F59E-E337-33AD-BDA7-3579E3874252}.Shipping|Win64.ActiveCfg = Development|Any CPU
		{DA11F59E-E337-33AD-BDA7-3579E3874252}.Shipping|Win64.Build.0 = Development|Any CPU
		{574FCC7C-3409-3FB0-B81D-34DA0C3071F5}.DebugGame Editor|Win64.ActiveCfg = Development|Any CPU
		{574FCC7C-3409-3FB0-B81D-34DA0C3071F5}.DebugGame Editor|Win64.Build.0 = Development|Any CPU
		{574FCC7C-3409-3FB0-B81D-34DA0C3071F5}.DebugGame|Win64.ActiveCfg = Development|Any CPU
		{574FCC7C-3409-3FB0-B81D-34DA0C3071F5}.DebugGame|Win64.Build.0 = Development|Any CPU
		{574FCC7C-3409-3FB0-B81D-34DA0C3071F5}.Development Editor|Win64.ActiveCfg = Development|Any CPU
		{574FCC7C-3409-3FB0-B81D-34DA0C3071F5}.Development Editor|Win64.Build.0 = Development|Any CPU
		{574FCC7C-3409-3FB0-B81D-34DA0C3071F5}.Development|Win64.ActiveCfg = Development|Any CPU
		{574FCC7C-3409-3FB0-B81D-34DA0C3071F5}.Development|Win64.Build.0 = Development|Any CPU
		{574FCC7C-3409-3FB0-B81D-34DA0C3071F5}.Shipping|Win64.ActiveCfg = Development|Any CPU
		{574FCC7C-3409-3FB0-B81D-34DA0C3071F5}.Shipping|Win64.Build.0 = Development|Any CPU
		{086C374A-B80B-37D1-80D9-0AF8457BF2EC}.DebugGame Editor|Win64.ActiveCfg = Development|Any CPU
		{086C374A-B80B-37D1-80D9-0AF8457BF2EC}.DebugGame Editor|Win64.Build.0 = Development|Any CPU
		{086C374A-B80B-37D1-80D9-0AF8457BF2EC}.DebugGame|Win64.ActiveCfg = Development|Any CPU
		{086C374A-B80B-37D1-80D9-0AF8457BF2EC}.DebugGame|Win64.Build.0 = Development|Any CPU
		{086C374A-B80B-37D1-80D9-0AF8457BF2EC}.Development Editor|Win64.ActiveCfg = Development|Any CPU
		{086C374A-B80B-37D1-80D9-0AF8457BF2EC}.Development Editor|Win64.Build.0 = Development|Any CPU
		{086C374A-B80B-37D1-80D9-0AF8457BF2EC}.Development|Win64.ActiveCfg = Development|Any CPU
		{086C374A-B80B-37D1-80D9-0AF8457BF2EC}.Development|Win64.Build.0 = Development|Any CPU
		{086C374A-B80B-37D1-80D9-0AF8457BF2EC}.Shipping|Win64.ActiveCfg = Development|Any CPU
		{086C374A-B80B-37D1-80D9-0AF8457BF2EC}.Shipping|Win64.Build.0 = Development|Any CPU
		{784C8FAF-11B8-3D82-BF6A-2CD66D25473D}.DebugGame Editor|Win64.ActiveCfg = Development|Any CPU
		{784C8FAF-11B8-3D82-BF6A-2CD66D25473D}.DebugGame Editor|Win64.Build.0 = Development|Any CPU
		{784C8FAF-11B8-3D82-BF6A-2CD66D25473D}.DebugGame|Win64.ActiveCfg = Development|Any CPU
		{784C8FAF-11B8-3D82-BF6A-2CD66D25473D}.DebugGame|Win64.Build.0 = Development|Any CPU
		{784C8FAF-11B8-3D82-BF6A-2CD66D25473D}.Development Editor|Win64.ActiveCfg = Development|Any CPU
		{784C8FAF-11B8-3D82-BF6A-2CD66D25473D}.Development Editor|Win64.Build.0 = Development|Any CPU
		{784C8FAF-11B8-3D82-BF6A-2CD66D25473D}.Development|Win64.ActiveCfg = Development|Any CPU
		{784C8FAF-11B8-3D82-BF6A-2CD66D25473D}.Development|Win64.Build.0 = Development|Any CPU
		{784C8FAF-11B8-3D82-BF6A-2CD66D25473D}.Shipping|Win64.ActiveCfg = Development|Any CPU
		{784C8FAF-11B8-3D82-BF6A-2CD66D25473D}.Shipping|Win64.Build.0 = Development|Any CPU
		{93C39977-FAEF-375B-8724-70A7A315284C}.DebugGame Editor|Win64.ActiveCfg = Development|Any CPU
		{93C39977-FAEF-375B-8724-70A7A315284C}.DebugGame Editor|Win64.Build.0 = Development|Any CPU
		{93C39977-FAEF-375B-8724-70A7A315284C}.DebugGame|Win64.ActiveCfg = Development|Any CPU
		{93C39977-FAEF-375B-8724-70A7A315284C}.DebugGame|Win64.Build.0 = Development|Any CPU
		{93C39977-FAEF-375B-8724-70A7A315284C}.Development Editor|Win64.ActiveCfg = Development|Any CPU
		{93C39977-FAEF-375B-8724-70A7A315284C}.Development Editor|Win64.Build.0 = Development|Any CPU
		{93C39977-FAEF-375B-8724-70A7A315284C}.Development|Win64.ActiveCfg = Development|Any CPU
		{93C39977-FAEF-375B-8724-70A7A315284C}.Development|Win64.Build.0 = Development|Any CPU
		{93C39977-FAEF-375B-8724-70A7A315284C}.Shipping|Win64.ActiveCfg = Development|Any CPU
		{93C39977-FAEF-375B-8724-70A7A315284C}.Shipping|Win64.Build.0 = Development|Any CPU
		{0EB0D35A-DED7-3F0B-940C-1333A2C1C3CE}.DebugGame Editor|Win64.ActiveCfg = Development|Any CPU
		{0EB0D35A-DED7-3F0B-940C-1333A2C1C3CE}.DebugGame Editor|Win64.Build.0 = Development|Any CPU
		{0EB0D35A-DED7-3F0B-940C-1333A2C1C3CE}.DebugGame|Win64.ActiveCfg = Development|Any CPU
		{0EB0D35A-DED7-3F0B-940C-1333A2C1C3CE}.DebugGame|Win64.Build.0 = Development|Any CPU
		{0EB0D35A-DED7-3F0B-940C-1333A2C1C3CE}.Development Editor|Win64.ActiveCfg = Development|Any CPU
		{0EB0D35A-DED7-3F0B-940C-1333A2C1C3CE}.Development Editor|Win64.Build.0 = Development|Any CPU
		{0EB0D35A-DED7-3F0B-940C-1333A2C1C3CE}.Development|Win64.ActiveCfg = Development|Any CPU
		{0EB0D35A-DED7-3F0B-940C-1333A2C1C3CE}.Development|Win64.Build.0 = Development|Any CPU
		{0EB0D35A-DED7-3F0B-940C-1333A2C1C3CE}.Shipping|Win64.ActiveCfg = Development|Any CPU
		{0EB0D35A-DED7-3F0B-940C-1333A2C1C3CE}.Shipping|Win64.Build.0 = Development|Any CPU
		{2C1CBF9D-C227-34D8-8EED-A9067A57B278}.DebugGame Editor|Win64.ActiveCfg = Development|Any CPU
		{2C1CBF9D-C227-34D8-8EED-A9067A57B278}.DebugGame Editor|Win64.Build.0 = Development|Any CPU
		{2C1CBF9D-C227-34D8-8EED-A9067A57B278}.DebugGame|Win64.ActiveCfg = Development|Any CPU
		{2C1CBF9D-C227-34D8-8EED-A9067A57B278}.DebugGame|Win64.Build.0 = Development|Any CPU
		{2C1CBF9D-C227-34D8-8EED-A9067A57B278}.Development Editor|Win64.ActiveCfg = Development|Any CPU
		{2C1CBF9D-C227-34D8-8EED-A9067A57B278}.Development Editor|Win64.Build.0 = Development|Any CPU
		{2C1CBF9D-C227-34D8-8EED-A9067A57B278}.Development|Win64.ActiveCfg = Development|Any CPU
		{2C1CBF9D-C227-34D8-8EED-A9067A57B278}.Development|Win64.Build.0 = Development|Any CPU
		{2C1CBF9D-C227-34D8-8EED-A9067A57B278}.Shipping|Win64.ActiveCfg = Development|Any CPU
		{2C1CBF9D-C227-34D8-8EED-A9067A57B278}.Shipping|Win64.Build.0 = Development|Any CPU
		{928945C5-C27A-3F67-8A76-545B369951A2}.DebugGame Editor|Win64.ActiveCfg = Development|Any CPU
		{928945C5-C27A-3F67-8A76-545B369951A2}.DebugGame Editor|Win64.Build.0 = Development|Any CPU
		{928945C5-C27A-3F67-8A76-545B369951A2}.DebugGame|Win64.ActiveCfg = Development|Any CPU
		{928945C5-C27A-3F67-8A76-545B369951A2}.DebugGame|Win64.Build.0 = Development|Any CPU
		{928945C5-C27A-3F67-8A76-545B369951A2}.Development Editor|Win64.ActiveCfg = Development|Any CPU
		{928945C5-C27A-3F67-8A76-545B369951A2}.Development Editor|Win64.Build.0 = Development|Any CPU
		{928945C5-C27A-3F67-8A76-545B369951A2}.Development|Win64.ActiveCfg = Development|Any CPU
		{928945C5-C27A-3F67-8A76-545B369951A2}.Development|Win64.Build.0 = Development|Any CPU
		{928945C5-C27A-3F67-8A76-545B369951A2}.Shipping|Win64.ActiveCfg = Development|Any CPU
		{928945C5-C27A-3F67-8A76-545B369951A2}.Shipping|Win64.Build.0 = Development|Any CPU
		{2D384EE7-FC22-3CDD-83C9-3F01477A598F}.DebugGame Editor|Win64.ActiveCfg = Development|Any CPU
		{2D384EE7-FC22-3CDD-83C9-3F01477A598F}.DebugGame Editor|Win64.Build.0 = Development|Any CPU
		{2D384EE7-FC22-3CDD-83C9-3F01477A598F}.DebugGame|Win64.ActiveCfg = Development|Any CPU
		{2D384EE7-FC22-3CDD-83C9-3F01477A598F}.DebugGame|Win64.Build.0 = Development|Any CPU
		{2D384EE7-FC22-3CDD-83C9-3F01477A598F}.Development Editor|Win64.ActiveCfg = Development|Any CPU
		{2D384EE7-FC22-3CDD-83C9-3F01477A598F}.Development Editor|Win64.Build.0 = Development|Any CPU
		{2D384EE7-FC22-3CDD-83C9-3F01477A598F}.Development|Win64.ActiveCfg = Development|Any CPU
		{2D384EE7-FC22-3CDD-83C9-3F01477A598F}.Development|Win64.Build.0 = Development|Any CPU
		{2D384EE7-FC22-3CDD-83C9-3F01477A598F}.Shipping|Win64.ActiveCfg = Development|Any CPU
		{2D384EE7-FC22-3CDD-83C9-3F01477A598F}.Shipping|Win64.Build.0 = Development|Any CPU
		{9196E1EB-9973-33B8-AA45-3F753E5A66FF}.DebugGame Editor|Win64.ActiveCfg = Development|Any CPU
		{9196E1EB-9973-33B8-AA45-3F753E5A66FF}.DebugGame Editor|Win64.Build.0 = Development|Any CPU
		{9196E1EB-9973-33B8-AA45-3F753E5A66FF}.DebugGame|Win64.ActiveCfg = Development|Any CPU
		{9196E1EB-9973-33B8-AA45-3F753E5A66FF}.DebugGame|Win64.Build.0 = Development|Any CPU
		{9196E1EB-9973-33B8-AA45-3F753E5A66FF}.Development Editor|Win64.ActiveCfg = Development|Any CPU
		{9196E1EB-9973-33B8-AA45-3F753E5A66FF}.Development Editor|Win64.Build.0 = Development|Any CPU
		{9196E1EB-9973-33B8-AA45-3F753E5A66FF}.Development|Win64.ActiveCfg = Development|Any CPU
		{9196E1EB-9973-33B8-AA45-3F753E5A66FF}.Development|Win64.Build.0 = Development|Any CPU
		{9196E1EB-9973-33B8-AA45-3F753E5A66FF}.Shipping|Win64.ActiveCfg = Development|Any CPU
		{9196E1EB-9973-33B8-AA45-3F753E5A66FF}.Shipping|Win64.Build.0 = Development|Any CPU
		{19B10782-B705-3581-B1EA-AB1E52BA1C01}.DebugGame Editor|Win64.ActiveCfg = Development|Any CPU
		{19B10782-B705-3581-B1EA-AB1E52BA1C01}.DebugGame Editor|Win64.Build.0 = Development|Any CPU
		{19B10782-B705-3581-B1EA-AB1E52BA1C01}.DebugGame|Win64.ActiveCfg = Development|Any CPU
		{19B10782-B705-3581-B1EA-AB1E52BA1C01}.DebugGame|Win64.Build.0 = Development|Any CPU
		{19B10782-B705-3581-B1EA-AB1E52BA1C01}.Development Editor|Win64.ActiveCfg = Development|Any CPU
		{19B10782-B705-3581-B1EA-AB1E52BA1C01}.Development Editor|Win64.Build.0 = Development|Any CPU
		{19B10782-B705-3581-B1EA-AB1E52BA1C01}.Development|Win64.ActiveCfg = Development|Any CPU
		{19B10782-B705-3581-B1EA-AB1E52BA1C01}.Development|Win64.Build.0 = Development|Any CPU
		{19B10782-B705-3581-B1EA-AB1E52BA1C01}.Shipping|Win64.ActiveCfg = Development|Any CPU
		{19B10782-B705-3581-B1EA-AB1E52BA1C01}.Shipping|Win64.Build.0 = Development|Any CPU
		{16EE923D-A0EE-37B9-8B79-F0F91042B248}.DebugGame Editor|Win64.ActiveCfg = Development|Any CPU
		{16EE923D-A0EE-37B9-8B79-F0F91042B248}.DebugGame Editor|Win64.Build.0 = Development|Any CPU
		{16EE923D-A0EE-37B9-8B79-F0F91042B248}.DebugGame|Win64.ActiveCfg = Development|Any CPU
		{16EE923D-A0EE-37B9-8B79-F0F91042B248}.DebugGame|Win64.Build.0 = Development|Any CPU
		{16EE923D-A0EE-37B9-8B79-F0F91042B248}.Development Editor|Win64.ActiveCfg = Development|Any CPU
		{16EE923D-A0EE-37B9-8B79-F0F91042B248}.Development Editor|Win64.Build.0 = Development|Any CPU
		{16EE923D-A0EE-37B9-8B79-F0F91042B248}.Development|Win64.ActiveCfg = Development|Any CPU
		{16EE923D-A0EE-37B9-8B79-F0F91042B248}.Development|Win64.Build.0 = Development|Any CPU
		{16EE923D-A0EE-37B9-8B79-F0F91042B248}.Shipping|Win64.ActiveCfg = Development|Any CPU
		{16EE923D-A0EE-37B9-8B79-F0F91042B248}.Shipping|Win64.Build.0 = Development|Any CPU
		{34354CB6-D0CA-3322-987A-4DA98A37E951}.DebugGame Editor|Win64.ActiveCfg = Development|Any CPU
		{34354CB6-D0CA-3322-987A-4DA98A37E951}.DebugGame Editor|Win64.Build.0 = Development|Any CPU
		{34354CB6-D0CA-3322-987A-4DA98A37E951}.DebugGame|Win64.ActiveCfg = Development|Any CPU
		{34354CB6-D0CA-3322-987A-4DA98A37E951}.DebugGame|Win64.Build.0 = Development|Any CPU
		{34354CB6-D0CA-3322-987A-4DA98A37E951}.Development Editor|Win64.ActiveCfg = Development|Any CPU
		{34354CB6-D0CA-3322-987A-4DA98A37E951}.Development Editor|Win64.Build.0 = Development|Any CPU
		{34354CB6-D0CA-3322-987A-4DA98A37E951}.Development|Win64.ActiveCfg = Development|Any CPU
		{34354CB6-D0CA-3322-987A-4DA98A37E951}.Development|Win64.Build.0 = Development|Any CPU
		{34354CB6-D0CA-3322-987A-4DA98A37E951}.Shipping|Win64.ActiveCfg = Development|Any CPU
		{34354CB6-D0CA-3322-987A-4DA98A37E951}.Shipping|Win64.Build.0 = Development|Any CPU
		{9F65829E-10C4-3813-A3F9-3723CB510C9E}.DebugGame Editor|Win64.ActiveCfg = Development|Any CPU
		{9F65829E-10C4-3813-A3F9-3723CB510C9E}.DebugGame Editor|Win64.Build.0 = Development|Any CPU
		{9F65829E-10C4-3813-A3F9-3723CB510C9E}.DebugGame|Win64.ActiveCfg = Development|Any CPU
		{9F65829E-10C4-3813-A3F9-3723CB510C9E}.DebugGame|Win64.Build.0 = Development|Any CPU
		{9F65829E-10C4-3813-A3F9-3723CB510C9E}.Development Editor|Win64.ActiveCfg = Development|Any CPU
		{9F65829E-10C4-3813-A3F9-3723CB510C9E}.Development Editor|Win64.Build.0 = Development|Any CPU
		{9F65829E-10C4-3813-A3F9-3723CB510C9E}.Development|Win64.ActiveCfg = Development|Any CPU
		{9F65829E-10C4-3813-A3F9-3723CB510C9E}.Development|Win64.Build.0 = Development|Any CPU
		{9F65829E-10C4-3813-A3F9-3723CB510C9E}.Shipping|Win64.ActiveCfg = Development|Any CPU
		{9F65829E-10C4-3813-A3F9-3723CB510C9E}.Shipping|Win64.Build.0 = Development|Any CPU
		{C1044A93-112C-38F5-B36A-C294265015D3}.DebugGame Editor|Win64.ActiveCfg = Development|Any CPU
		{C1044A93-112C-38F5-B36A-C294265015D3}.DebugGame Editor|Win64.Build.0 = Development|Any CPU
		{C1044A93-112C-38F5-B36A-C294265015D3}.DebugGame|Win64.ActiveCfg = Development|Any CPU
		{C1044A93-112C-38F5-B36A-C294265015D3}.DebugGame|Win64.Build.0 = Development|Any CPU
		{C1044A93-112C-38F5-B36A-C294265015D3}.Development Editor|Win64.ActiveCfg = Development|Any CPU
		{C1044A93-112C-38F5-B36A-C294265015D3}.Development Editor|Win64.Build.0 = Development|Any CPU
		{C1044A93-112C-38F5-B36A-C294265015D3}.Development|Win64.ActiveCfg = Development|Any CPU
		{C1044A93-112C-38F5-B36A-C294265015D3}.Development|Win64.Build.0 = Development|Any CPU
		{C1044A93-112C-38F5-B36A-C294265015D3}.Shipping|Win64.ActiveCfg = Development|Any CPU
		{C1044A93-112C-38F5-B36A-C294265015D3}.Shipping|Win64.Build.0 = Development|Any CPU
		{9DA8AF98-869B-3213-84C0-9ED6DE8D563D}.DebugGame Editor|Win64.ActiveCfg = Development|Any CPU
		{9DA8AF98-869B-3213-84C0-9ED6DE8D563D}.DebugGame Editor|Win64.Build.0 = Development|Any CPU
		{9DA8AF98-869B-3213-84C0-9ED6DE8D563D}.DebugGame|Win64.ActiveCfg = Development|Any CPU
		{9DA8AF98-869B-3213-84C0-9ED6DE8D563D}.DebugGame|Win64.Build.0 = Development|Any CPU
		{9DA8AF98-869B-3213-84C0-9ED6DE8D563D}.Development Editor|Win64.ActiveCfg = Development|Any CPU
		{9DA8AF98-869B-3213-84C0-9ED6DE8D563D}.Development Editor|Win64.Build.0 = Development|Any CPU
		{9DA8AF98-869B-3213-84C0-9ED6DE8D563D}.Development|Win64.ActiveCfg = Development|Any CPU
		{9DA8AF98-869B-3213-84C0-9ED6DE8D563D}.Development|Win64.Build.0 = Development|Any CPU
		{9DA8AF98-869B-3213-84C0-9ED6DE8D563D}.Shipping|Win64.ActiveCfg = Development|Any CPU
		{9DA8AF98-869B-3213-84C0-9ED6DE8D563D}.Shipping|Win64.Build.0 = Development|Any CPU
		{8F85C437-9504-3BD8-9593-C26BD76DA4E0}.DebugGame Editor|Win64.ActiveCfg = Development|Any CPU
		{8F85C437-9504-3BD8-9593-C26BD76DA4E0}.DebugGame Editor|Win64.Build.0 = Development|Any CPU
		{8F85C437-9504-3BD8-9593-C26BD76DA4E0}.DebugGame|Win64.ActiveCfg = Development|Any CPU
		{8F85C437-9504-3BD8-9593-C26BD76DA4E0}.DebugGame|Win64.Build.0 = Development|Any CPU
		{8F85C437-9504-3BD8-9593-C26BD76DA4E0}.Development Editor|Win64.ActiveCfg = Development|Any CPU
		{8F85C437-9504-3BD8-9593-C26BD76DA4E0}.Development Editor|Win64.Build.0 = Development|Any CPU
		{8F85C437-9504-3BD8-9593-C26BD76DA4E0}.Development|Win64.ActiveCfg = Development|Any CPU
		{8F85C437-9504-3BD8-9593-C26BD76DA4E0}.Development|Win64.Build.0 = Development|Any CPU
		{8F85C437-9504-3BD8-9593-C26BD76DA4E0}.Shipping|Win64.ActiveCfg = Development|Any CPU
		{8F85C437-9504-3BD8-9593-C26BD76DA4E0}.Shipping|Win64.Build.0 = Development|Any CPU
		{2DB1201E-F944-3782-8E98-723BD4EA27A3}.DebugGame Editor|Win64.ActiveCfg = Development|Any CPU
		{2DB1201E-F944-3782-8E98-723BD4EA27A3}.DebugGame Editor|Win64.Build.0 = Development|Any CPU
		{2DB1201E-F944-3782-8E98-723BD4EA27A3}.DebugGame|Win64.ActiveCfg = Development|Any CPU
		{2DB1201E-F944-3782-8E98-723BD4EA27A3}.DebugGame|Win64.Build.0 = Development|Any CPU
		{2DB1201E-F944-3782-8E98-723BD4EA27A3}.Development Editor|Win64.ActiveCfg = Development|Any CPU
		{2DB1201E-F944-3782-8E98-723BD4EA27A3}.Development Editor|Win64.Build.0 = Development|Any CPU
		{2DB1201E-F944-3782-8E98-723BD4EA27A3}.Development|Win64.ActiveCfg = Development|Any CPU
		{2DB1201E-F944-3782-8E98-723BD4EA27A3}.Development|Win64.Build.0 = Development|Any CPU
		{2DB1201E-F944-3782-8E98-723BD4EA27A3}.Shipping|Win64.ActiveCfg = Development|Any CPU
		{2DB1201E-F944-3782-8E98-723BD4EA27A3}.Shipping|Win64.Build.0 = Development|Any CPU
	EndGlobalSection
	GlobalSection(SolutionProperties) = preSolution
		HideSolutionNode = FALSE
	EndGlobalSection
	GlobalSection(NestedProjects) = preSolution
		{6CA6EBCF-8418-360C-BB0E-81EEC3E8A788} = {233774A8-CC9D-3FA9-86D1-90573E92B704}
		{88899794-E4F1-3DAD-8632-2E9833B8805A} = {DE1F8B53-6C02-3C13-9101-A7C8D96F3FF6}
		{1839B036-161C-3CBF-9209-7B49C8136E29} = {A338B9E2-A559-34BE-A46D-F789DD488FAD}
		{08CEBE0F-2752-3A05-AB76-17EC56B5E354} = {A338B9E2-A559-34BE-A46D-F789DD488FAD}
		{0BFBE63A-B98A-3411-8EEB-8918FEC737B3} = {A338B9E2-A559-34BE-A46D-F789DD488FAD}
		{7B5CFB44-F0FB-31DF-AE62-C3C096A29A7B} = {A338B9E2-A559-34BE-A46D-F789DD488FAD}
		{57713676-9DBE-331C-AD10-26632AC9EE0C} = {A338B9E2-A559-34BE-A46D-F789DD488FAD}
		{231D9CE5-7471-36E6-885B-A404B1A75542} = {0BFBE63A-B98A-3411-8EEB-8918FEC737B3}
		{3797422E-4D1C-33AC-A28E-0907399CB42B} = {0BFBE63A-B98A-3411-8EEB-8918FEC737B3}
		{6AF3BE10-E716-38AD-9503-6BED02EA7B18} = {0BFBE63A-B98A-3411-8EEB-8918FEC737B3}
		{6D744533-C0D3-375D-A86E-3FA7A5D7BBCF} = {0BFBE63A-B98A-3411-8EEB-8918FEC737B3}
		{138D622B-6037-3DA7-8496-660915293201} = {0BFBE63A-B98A-3411-8EEB-8918FEC737B3}
		{4001EF58-BF3C-3A48-947E-5D367578E29D} = {0BFBE63A-B98A-3411-8EEB-8918FEC737B3}
		{FEBA7868-CD2D-3CD8-98CA-E19FAB8FCA75} = {0BFBE63A-B98A-3411-8EEB-8918FEC737B3}
		{FE77CFBC-AB3C-3FC8-B39A-FE557DDC5E6E} = {0BFBE63A-B98A-3411-8EEB-8918FEC737B3}
		{D13E6AA6-9C1B-399B-9AA2-B40AC2CD1035} = {0BFBE63A-B98A-3411-8EEB-8918FEC737B3}
		{E6792384-6F43-3CA8-867E-10C33346334B} = {0BFBE63A-B98A-3411-8EEB-8918FEC737B3}
		{C658257F-3783-3A2D-B94D-B3C45CF6DC21} = {0BFBE63A-B98A-3411-8EEB-8918FEC737B3}
		{3D40D2EE-2A44-3119-B8D1-433DE1CA0DB9} = {0BFBE63A-B98A-3411-8EEB-8918FEC737B3}
		{501A4E5F-EF4C-312F-843F-9FA1946679A0} = {0BFBE63A-B98A-3411-8EEB-8918FEC737B3}
		{DC22A952-CBF5-36BC-9137-7995E9856A19} = {0BFBE63A-B98A-3411-8EEB-8918FEC737B3}
		{26B101F0-378D-326C-B221-C613564A8E2F} = {0BFBE63A-B98A-3411-8EEB-8918FEC737B3}
		{31097C12-63A1-39B7-9E89-0393BB166A6F} = {0BFBE63A-B98A-3411-8EEB-8918FEC737B3}
		{DF4A6419-08FA-3A7A-932D-6DB7919C1A8F} = {0BFBE63A-B98A-3411-8EEB-8918FEC737B3}
		{8D6A6EA0-2C0E-36B8-B7AA-8D615D091E6B} = {0BFBE63A-B98A-3411-8EEB-8918FEC737B3}
		{F8971E56-86CB-3797-B02C-AAEB13A0F401} = {0BFBE63A-B98A-3411-8EEB-8918FEC737B3}
		{DAB0A011-613B-32D8-92BE-AB1F330E3D15} = {0BFBE63A-B98A-3411-8EEB-8918FEC737B3}
		{0000FFEE-2FED-3399-B136-1F9DE2024466} = {7B5CFB44-F0FB-31DF-AE62-C3C096A29A7B}
		{D4E8879F-8539-348C-8E2A-6D72A4914D19} = {57713676-9DBE-331C-AD10-26632AC9EE0C}
		{08061B36-A9EB-31F7-962E-C8B0C33AE583} = {57713676-9DBE-331C-AD10-26632AC9EE0C}
		{C4FA9826-9778-37F8-9DD8-6752405C0891} = {57713676-9DBE-331C-AD10-26632AC9EE0C}
		{65D40916-D79F-3B6E-B3A1-16388204C8E9} = {57713676-9DBE-331C-AD10-26632AC9EE0C}
		{A0A66B50-9FE1-3705-8E62-FF5FB41A99E1} = {57713676-9DBE-331C-AD10-26632AC9EE0C}
		{86BD565A-A650-33EC-8F56-51D7EE5FE8BA} = {57713676-9DBE-331C-AD10-26632AC9EE0C}
		{DA11F59E-E337-33AD-BDA7-3579E3874252} = {57713676-9DBE-331C-AD10-26632AC9EE0C}
		{574FCC7C-3409-3FB0-B81D-34DA0C3071F5} = {57713676-9DBE-331C-AD10-26632AC9EE0C}
		{086C374A-B80B-37D1-80D9-0AF8457BF2EC} = {57713676-9DBE-331C-AD10-26632AC9EE0C}
		{784C8FAF-11B8-3D82-BF6A-2CD66D25473D} = {57713676-9DBE-331C-AD10-26632AC9EE0C}
		{93C39977-FAEF-375B-8724-70A7A315284C} = {57713676-9DBE-331C-AD10-26632AC9EE0C}
		{0EB0D35A-DED7-3F0B-940C-1333A2C1C3CE} = {57713676-9DBE-331C-AD10-26632AC9EE0C}
		{2C1CBF9D-C227-34D8-8EED-A9067A57B278} = {57713676-9DBE-331C-AD10-26632AC9EE0C}
		{928945C5-C27A-3F67-8A76-545B369951A2} = {57713676-9DBE-331C-AD10-26632AC9EE0C}
		{2D384EE7-FC22-3CDD-83C9-3F01477A598F} = {57713676-9DBE-331C-AD10-26632AC9EE0C}
		{9196E1EB-9973-33B8-AA45-3F753E5A66FF} = {57713676-9DBE-331C-AD10-26632AC9EE0C}
		{19B10782-B705-3581-B1EA-AB1E52BA1C01} = {57713676-9DBE-331C-AD10-26632AC9EE0C}
		{16EE923D-A0EE-37B9-8B79-F0F91042B248} = {57713676-9DBE-331C-AD10-26632AC9EE0C}
		{34354CB6-D0CA-3322-987A-4DA98A37E951} = {57713676-9DBE-331C-AD10-26632AC9EE0C}
		{9F65829E-10C4-3813-A3F9-3723CB510C9E} = {57713676-9DBE-331C-AD10-26632AC9EE0C}
		{C1044A93-112C-38F5-B36A-C294265015D3} = {C2F57ECE-B26F-39D8-BDA7-C1D40BD8F180}
		{9DA8AF98-869B-3213-84C0-9ED6DE8D563D} = {C2F57ECE-B26F-39D8-BDA7-C1D40BD8F180}
		{8F85C437-9504-3BD8-9593-C26BD76DA4E0} = {C2F57ECE-B26F-39D8-BDA7-C1D40BD8F180}
		{2DB1201E-F944-3782-8E98-723BD4EA27A3} = {C2F57ECE-B26F-39D8-BDA7-C1D40BD8F180}
	EndGlobalSection
EndGlobal
